
Microsoft Visual Studio Solution File, Format Version 12.00
# Visual Studio Version 16
VisualStudioVersion = 16.0.29613.14
MinimumVisualStudioVersion = 10.0.40219.1
Project("{FAE04EC0-301F-11D3-BF4B-00C04F79EFBC}") = "WindowsFormsApp1", "WindowsFormsApp1\WindowsFormsApp1.csproj", "{383DFC80-5A3A-4E3C-A231-25AF002D51C1}"
EndProject
Global
	GlobalSection(SolutionConfigurationPlatforms) = preSolution
		Debug|Any CPU = Debug|Any CPU
		Release|Any CPU = Release|Any CPU
	EndGlobalSection
	GlobalSection(ProjectConfigurationPlatforms) = postSolution
		{383DFC80-5A3A-4E3C-A231-25AF002D51C1}.Debug|Any CPU.ActiveCfg = Debug|Any CPU
		{383DFC80-5A3A-4E3C-A231-25AF002D51C1}.Debug|Any CPU.Build.0 = Debug|Any CPU
		{383DFC80-5A3A-4E3C-A231-25AF002D51C1}.Release|Any CPU.ActiveCfg = Release|Any CPU
		{383DFC80-5A3A-4E3C-A231-25AF002D51C1}.Release|Any CPU.Build.0 = Release|Any CPU
	EndGlobalSection
	GlobalSection(SolutionProperties) = preSolution
		HideSolutionNode = FALSE
	EndGlobalSection
	GlobalSection(ExtensibilityGlobals) = postSolution
		SolutionGuid = {924ADF06-CED9-4AC4-82CD-E33CDA527190}
	EndGlobalSection
EndGlobal
